// !$*UTF8*$!
{
	archiveVersion = 1;
	classes = {
	};
	objectVersion = 46;
	objects = {

/* Begin PBXBuildFile section */
		0CF55683F2BDD15E0ED25B35 /* libPods-PenfreeMapUITests.a in Frameworks */ = {isa = PBXBuildFile; fileRef = F32F856F9E9F608B3796F96E /* libPods-PenfreeMapUITests.a */; };
		211583AA1DA8D9D2001286DE /* BaiduMapViewController.m in Sources */ = {isa = PBXBuildFile; fileRef = 211583A91DA8D9D2001286DE /* BaiduMapViewController.m */; };
		211583B11DA8DFD9001286DE /* ForBaiduMap.mm in Sources */ = {isa = PBXBuildFile; fileRef = 211583B01DA8DFD9001286DE /* ForBaiduMap.mm */; };
		211583C71DA8E0F3001286DE /* BaiduMapAPI_Base.framework in Frameworks */ = {isa = PBXBuildFile; fileRef = 211583C01DA8E0F2001286DE /* BaiduMapAPI_Base.framework */; };
		211583C81DA8E0F3001286DE /* BaiduMapAPI_Cloud.framework in Frameworks */ = {isa = PBXBuildFile; fileRef = 211583C11DA8E0F2001286DE /* BaiduMapAPI_Cloud.framework */; };
		211583C91DA8E0F3001286DE /* BaiduMapAPI_Location.framework in Frameworks */ = {isa = PBXBuildFile; fileRef = 211583C21DA8E0F2001286DE /* BaiduMapAPI_Location.framework */; };
		211583CA1DA8E0F3001286DE /* BaiduMapAPI_Map.framework in Frameworks */ = {isa = PBXBuildFile; fileRef = 211583C31DA8E0F2001286DE /* BaiduMapAPI_Map.framework */; };
		211583CB1DA8E0F3001286DE /* BaiduMapAPI_Radar.framework in Frameworks */ = {isa = PBXBuildFile; fileRef = 211583C41DA8E0F2001286DE /* BaiduMapAPI_Radar.framework */; };
		211583CC1DA8E0F3001286DE /* BaiduMapAPI_Search.framework in Frameworks */ = {isa = PBXBuildFile; fileRef = 211583C51DA8E0F3001286DE /* BaiduMapAPI_Search.framework */; };
		211583CD1DA8E0F3001286DE /* BaiduMapAPI_Utils.framework in Frameworks */ = {isa = PBXBuildFile; fileRef = 211583C61DA8E0F3001286DE /* BaiduMapAPI_Utils.framework */; };
		211583CF1DA8E5CB001286DE /* CoreLocation.framework in Frameworks */ = {isa = PBXBuildFile; fileRef = 211583CE1DA8E5CB001286DE /* CoreLocation.framework */; };
		211583D11DA8E5DC001286DE /* QuartzCore.framework in Frameworks */ = {isa = PBXBuildFile; fileRef = 211583D01DA8E5DC001286DE /* QuartzCore.framework */; };
		211583D31DA8E5E8001286DE /* OpenGLES.framework in Frameworks */ = {isa = PBXBuildFile; fileRef = 211583D21DA8E5E8001286DE /* OpenGLES.framework */; };
		211583D51DA8E5FC001286DE /* SystemConfiguration.framework in Frameworks */ = {isa = PBXBuildFile; fileRef = 211583D41DA8E5FC001286DE /* SystemConfiguration.framework */; };
		211583D71DA8E609001286DE /* CoreGraphics.framework in Frameworks */ = {isa = PBXBuildFile; fileRef = 211583D61DA8E609001286DE /* CoreGraphics.framework */; };
		211583D91DA8E616001286DE /* Security.framework in Frameworks */ = {isa = PBXBuildFile; fileRef = 211583D81DA8E616001286DE /* Security.framework */; };
		211583DB1DA8E622001286DE /* libsqlite3.0.tbd in Frameworks */ = {isa = PBXBuildFile; fileRef = 211583DA1DA8E622001286DE /* libsqlite3.0.tbd */; };
		211583DD1DA8E632001286DE /* CoreTelephony.framework in Frameworks */ = {isa = PBXBuildFile; fileRef = 211583DC1DA8E632001286DE /* CoreTelephony.framework */; };
		211583DF1DA8E640001286DE /* libstdc++.6.0.9.tbd in Frameworks */ = {isa = PBXBuildFile; fileRef = 211583DE1DA8E640001286DE /* libstdc++.6.0.9.tbd */; };
		211583E11DA8E698001286DE /* mapapi.bundle in Resources */ = {isa = PBXBuildFile; fileRef = 211583E01DA8E698001286DE /* mapapi.bundle */; };
		21B980651DA4F41B001A30DD /* main.m in Sources */ = {isa = PBXBuildFile; fileRef = 21B980641DA4F41B001A30DD /* main.m */; };
		21B980681DA4F41B001A30DD /* AppDelegate.m in Sources */ = {isa = PBXBuildFile; fileRef = 21B980671DA4F41B001A30DD /* AppDelegate.m */; };
		21B9806B1DA4F41B001A30DD /* ViewController.m in Sources */ = {isa = PBXBuildFile; fileRef = 21B9806A1DA4F41B001A30DD /* ViewController.m */; };
		21B9806E1DA4F41B001A30DD /* Main.storyboard in Resources */ = {isa = PBXBuildFile; fileRef = 21B9806C1DA4F41B001A30DD /* Main.storyboard */; };
		21B980701DA4F41B001A30DD /* Assets.xcassets in Resources */ = {isa = PBXBuildFile; fileRef = 21B9806F1DA4F41B001A30DD /* Assets.xcassets */; };
		21B980731DA4F41B001A30DD /* LaunchScreen.storyboard in Resources */ = {isa = PBXBuildFile; fileRef = 21B980711DA4F41B001A30DD /* LaunchScreen.storyboard */; };
		21B9807E1DA4F41B001A30DD /* PenfreeMapTests.m in Sources */ = {isa = PBXBuildFile; fileRef = 21B9807D1DA4F41B001A30DD /* PenfreeMapTests.m */; };
		21B980891DA4F41B001A30DD /* PenfreeMapUITests.m in Sources */ = {isa = PBXBuildFile; fileRef = 21B980881DA4F41B001A30DD /* PenfreeMapUITests.m */; };
		6804C5C7703B06B78A342C50 /* libPods-PenfreeMap.a in Frameworks */ = {isa = PBXBuildFile; fileRef = 057FED88B594EA1676B58874 /* libPods-PenfreeMap.a */; };
		A8BCE4AAD971DEC18035AB7E /* libPods-PenfreeMapTests.a in Frameworks */ = {isa = PBXBuildFile; fileRef = C0D4DA866A5C100A83BD24B7 /* libPods-PenfreeMapTests.a */; };
/* End PBXBuildFile section */

/* Begin PBXContainerItemProxy section */
		21B9807A1DA4F41B001A30DD /* PBXContainerItemProxy */ = {
			isa = PBXContainerItemProxy;
			containerPortal = 21B980581DA4F41B001A30DD /* Project object */;
			proxyType = 1;
			remoteGlobalIDString = 21B9805F1DA4F41B001A30DD;
			remoteInfo = PenfreeMap;
		};
		21B980851DA4F41B001A30DD /* PBXContainerItemProxy */ = {
			isa = PBXContainerItemProxy;
			containerPortal = 21B980581DA4F41B001A30DD /* Project object */;
			proxyType = 1;
			remoteGlobalIDString = 21B9805F1DA4F41B001A30DD;
			remoteInfo = PenfreeMap;
		};
/* End PBXContainerItemProxy section */

/* Begin PBXFileReference section */
		02F7FAB4E3C401893FB6B396 /* Pods-PenfreeMapUITests.debug.xcconfig */ = {isa = PBXFileReference; includeInIndex = 1; lastKnownFileType = text.xcconfig; name = "Pods-PenfreeMapUITests.debug.xcconfig"; path = "Pods/Target Support Files/Pods-PenfreeMapUITests/Pods-PenfreeMapUITests.debug.xcconfig"; sourceTree = "<group>"; };
		057FED88B594EA1676B58874 /* libPods-PenfreeMap.a */ = {isa = PBXFileReference; explicitFileType = archive.ar; includeInIndex = 0; path = "libPods-PenfreeMap.a"; sourceTree = BUILT_PRODUCTS_DIR; };
		211583A81DA8D9D2001286DE /* BaiduMapViewController.h */ = {isa = PBXFileReference; fileEncoding = 4; lastKnownFileType = sourcecode.c.h; path = BaiduMapViewController.h; sourceTree = "<group>"; };
		211583A91DA8D9D2001286DE /* BaiduMapViewController.m */ = {isa = PBXFileReference; fileEncoding = 4; lastKnownFileType = sourcecode.c.objc; path = BaiduMapViewController.m; sourceTree = "<group>"; };
		211583B01DA8DFD9001286DE /* ForBaiduMap.mm */ = {isa = PBXFileReference; fileEncoding = 4; lastKnownFileType = sourcecode.cpp.objcpp; path = ForBaiduMap.mm; sourceTree = "<group>"; };
		211583C01DA8E0F2001286DE /* BaiduMapAPI_Base.framework */ = {isa = PBXFileReference; lastKnownFileType = wrapper.framework; path = BaiduMapAPI_Base.framework; sourceTree = "<group>"; };
		211583C11DA8E0F2001286DE /* BaiduMapAPI_Cloud.framework */ = {isa = PBXFileReference; lastKnownFileType = wrapper.framework; path = BaiduMapAPI_Cloud.framework; sourceTree = "<group>"; };
		211583C21DA8E0F2001286DE /* BaiduMapAPI_Location.framework */ = {isa = PBXFileReference; lastKnownFileType = wrapper.framework; path = BaiduMapAPI_Location.framework; sourceTree = "<group>"; };
		211583C31DA8E0F2001286DE /* BaiduMapAPI_Map.framework */ = {isa = PBXFileReference; lastKnownFileType = wrapper.framework; path = BaiduMapAPI_Map.framework; sourceTree = "<group>"; };
		211583C41DA8E0F2001286DE /* BaiduMapAPI_Radar.framework */ = {isa = PBXFileReference; lastKnownFileType = wrapper.framework; path = BaiduMapAPI_Radar.framework; sourceTree = "<group>"; };
		211583C51DA8E0F3001286DE /* BaiduMapAPI_Search.framework */ = {isa = PBXFileReference; lastKnownFileType = wrapper.framework; path = BaiduMapAPI_Search.framework; sourceTree = "<group>"; };
		211583C61DA8E0F3001286DE /* BaiduMapAPI_Utils.framework */ = {isa = PBXFileReference; lastKnownFileType = wrapper.framework; path = BaiduMapAPI_Utils.framework; sourceTree = "<group>"; };
		211583CE1DA8E5CB001286DE /* CoreLocation.framework */ = {isa = PBXFileReference; lastKnownFileType = wrapper.framework; name = CoreLocation.framework; path = System/Library/Frameworks/CoreLocation.framework; sourceTree = SDKROOT; };
		211583D01DA8E5DC001286DE /* QuartzCore.framework */ = {isa = PBXFileReference; lastKnownFileType = wrapper.framework; name = QuartzCore.framework; path = System/Library/Frameworks/QuartzCore.framework; sourceTree = SDKROOT; };
		211583D21DA8E5E8001286DE /* OpenGLES.framework */ = {isa = PBXFileReference; lastKnownFileType = wrapper.framework; name = OpenGLES.framework; path = System/Library/Frameworks/OpenGLES.framework; sourceTree = SDKROOT; };
		211583D41DA8E5FC001286DE /* SystemConfiguration.framework */ = {isa = PBXFileReference; lastKnownFileType = wrapper.framework; name = SystemConfiguration.framework; path = System/Library/Frameworks/SystemConfiguration.framework; sourceTree = SDKROOT; };
		211583D61DA8E609001286DE /* CoreGraphics.framework */ = {isa = PBXFileReference; lastKnownFileType = wrapper.framework; name = CoreGraphics.framework; path = System/Library/Frameworks/CoreGraphics.framework; sourceTree = SDKROOT; };
		211583D81DA8E616001286DE /* Security.framework */ = {isa = PBXFileReference; lastKnownFileType = wrapper.framework; name = Security.framework; path = System/Library/Frameworks/Security.framework; sourceTree = SDKROOT; };
		211583DA1DA8E622001286DE /* libsqlite3.0.tbd */ = {isa = PBXFileReference; lastKnownFileType = "sourcecode.text-based-dylib-definition"; name = libsqlite3.0.tbd; path = usr/lib/libsqlite3.0.tbd; sourceTree = SDKROOT; };
		211583DC1DA8E632001286DE /* CoreTelephony.framework */ = {isa = PBXFileReference; lastKnownFileType = wrapper.framework; name = CoreTelephony.framework; path = System/Library/Frameworks/CoreTelephony.framework; sourceTree = SDKROOT; };
		211583DE1DA8E640001286DE /* libstdc++.6.0.9.tbd */ = {isa = PBXFileReference; lastKnownFileType = "sourcecode.text-based-dylib-definition"; name = "libstdc++.6.0.9.tbd"; path = "usr/lib/libstdc++.6.0.9.tbd"; sourceTree = SDKROOT; };
		211583E01DA8E698001286DE /* mapapi.bundle */ = {isa = PBXFileReference; lastKnownFileType = "wrapper.plug-in"; path = mapapi.bundle; sourceTree = "<group>"; };
		21B980601DA4F41B001A30DD /* PenfreeMap.app */ = {isa = PBXFileReference; explicitFileType = wrapper.application; includeInIndex = 0; path = PenfreeMap.app; sourceTree = BUILT_PRODUCTS_DIR; };
		21B980641DA4F41B001A30DD /* main.m */ = {isa = PBXFileReference; lastKnownFileType = sourcecode.c.objc; path = main.m; sourceTree = "<group>"; };
		21B980661DA4F41B001A30DD /* AppDelegate.h */ = {isa = PBXFileReference; lastKnownFileType = sourcecode.c.h; path = AppDelegate.h; sourceTree = "<group>"; };
		21B980671DA4F41B001A30DD /* AppDelegate.m */ = {isa = PBXFileReference; lastKnownFileType = sourcecode.c.objc; path = AppDelegate.m; sourceTree = "<group>"; };
		21B980691DA4F41B001A30DD /* ViewController.h */ = {isa = PBXFileReference; lastKnownFileType = sourcecode.c.h; path = ViewController.h; sourceTree = "<group>"; };
		21B9806A1DA4F41B001A30DD /* ViewController.m */ = {isa = PBXFileReference; lastKnownFileType = sourcecode.c.objc; path = ViewController.m; sourceTree = "<group>"; };
		21B9806D1DA4F41B001A30DD /* Base */ = {isa = PBXFileReference; lastKnownFileType = file.storyboard; name = Base; path = Base.lproj/Main.storyboard; sourceTree = "<group>"; };
		21B9806F1DA4F41B001A30DD /* Assets.xcassets */ = {isa = PBXFileReference; lastKnownFileType = folder.assetcatalog; path = Assets.xcassets; sourceTree = "<group>"; };
		21B980721DA4F41B001A30DD /* Base */ = {isa = PBXFileReference; lastKnownFileType = file.storyboard; name = Base; path = Base.lproj/LaunchScreen.storyboard; sourceTree = "<group>"; };
		21B980741DA4F41B001A30DD /* Info.plist */ = {isa = PBXFileReference; lastKnownFileType = text.plist.xml; path = Info.plist; sourceTree = "<group>"; };
		21B980791DA4F41B001A30DD /* PenfreeMapTests.xctest */ = {isa = PBXFileReference; explicitFileType = wrapper.cfbundle; includeInIndex = 0; path = PenfreeMapTests.xctest; sourceTree = BUILT_PRODUCTS_DIR; };
		21B9807D1DA4F41B001A30DD /* PenfreeMapTests.m */ = {isa = PBXFileReference; lastKnownFileType = sourcecode.c.objc; path = PenfreeMapTests.m; sourceTree = "<group>"; };
		21B9807F1DA4F41B001A30DD /* Info.plist */ = {isa = PBXFileReference; lastKnownFileType = text.plist.xml; path = Info.plist; sourceTree = "<group>"; };
		21B980841DA4F41B001A30DD /* PenfreeMapUITests.xctest */ = {isa = PBXFileReference; explicitFileType = wrapper.cfbundle; includeInIndex = 0; path = PenfreeMapUITests.xctest; sourceTree = BUILT_PRODUCTS_DIR; };
		21B980881DA4F41B001A30DD /* PenfreeMapUITests.m */ = {isa = PBXFileReference; lastKnownFileType = sourcecode.c.objc; path = PenfreeMapUITests.m; sourceTree = "<group>"; };
		21B9808A1DA4F41B001A30DD /* Info.plist */ = {isa = PBXFileReference; lastKnownFileType = text.plist.xml; path = Info.plist; sourceTree = "<group>"; };
		3E777A45FD7C0117D10C6FAF /* Pods-PenfreeMapUITests.release.xcconfig */ = {isa = PBXFileReference; includeInIndex = 1; lastKnownFileType = text.xcconfig; name = "Pods-PenfreeMapUITests.release.xcconfig"; path = "Pods/Target Support Files/Pods-PenfreeMapUITests/Pods-PenfreeMapUITests.release.xcconfig"; sourceTree = "<group>"; };
		517962BEDBC6BF77D0A930AF /* Pods-PenfreeMapTests.release.xcconfig */ = {isa = PBXFileReference; includeInIndex = 1; lastKnownFileType = text.xcconfig; name = "Pods-PenfreeMapTests.release.xcconfig"; path = "Pods/Target Support Files/Pods-PenfreeMapTests/Pods-PenfreeMapTests.release.xcconfig"; sourceTree = "<group>"; };
		88E9F4BA51836415A93F05CA /* Pods-PenfreeMap.debug.xcconfig */ = {isa = PBXFileReference; includeInIndex = 1; lastKnownFileType = text.xcconfig; name = "Pods-PenfreeMap.debug.xcconfig"; path = "Pods/Target Support Files/Pods-PenfreeMap/Pods-PenfreeMap.debug.xcconfig"; sourceTree = "<group>"; };
		C0D4DA866A5C100A83BD24B7 /* libPods-PenfreeMapTests.a */ = {isa = PBXFileReference; explicitFileType = archive.ar; includeInIndex = 0; path = "libPods-PenfreeMapTests.a"; sourceTree = BUILT_PRODUCTS_DIR; };
		CE73BA214398B8E9A981BFF6 /* Pods-PenfreeMap.release.xcconfig */ = {isa = PBXFileReference; includeInIndex = 1; lastKnownFileType = text.xcconfig; name = "Pods-PenfreeMap.release.xcconfig"; path = "Pods/Target Support Files/Pods-PenfreeMap/Pods-PenfreeMap.release.xcconfig"; sourceTree = "<group>"; };
		E30946C448AE8C934BF27D6E /* Pods-PenfreeMapTests.debug.xcconfig */ = {isa = PBXFileReference; includeInIndex = 1; lastKnownFileType = text.xcconfig; name = "Pods-PenfreeMapTests.debug.xcconfig"; path = "Pods/Target Support Files/Pods-PenfreeMapTests/Pods-PenfreeMapTests.debug.xcconfig"; sourceTree = "<group>"; };
		F32F856F9E9F608B3796F96E /* libPods-PenfreeMapUITests.a */ = {isa = PBXFileReference; explicitFileType = archive.ar; includeInIndex = 0; path = "libPods-PenfreeMapUITests.a"; sourceTree = BUILT_PRODUCTS_DIR; };
/* End PBXFileReference section */

/* Begin PBXFrameworksBuildPhase section */
		21B9805D1DA4F41B001A30DD /* Frameworks */ = {
			isa = PBXFrameworksBuildPhase;
			buildActionMask = 2147483647;
			files = (
				211583DF1DA8E640001286DE /* libstdc++.6.0.9.tbd in Frameworks */,
				211583DB1DA8E622001286DE /* libsqlite3.0.tbd in Frameworks */,
				211583DD1DA8E632001286DE /* CoreTelephony.framework in Frameworks */,
				211583D91DA8E616001286DE /* Security.framework in Frameworks */,
				211583D71DA8E609001286DE /* CoreGraphics.framework in Frameworks */,
				211583D51DA8E5FC001286DE /* SystemConfiguration.framework in Frameworks */,
				211583D31DA8E5E8001286DE /* OpenGLES.framework in Frameworks */,
				211583D11DA8E5DC001286DE /* QuartzCore.framework in Frameworks */,
				211583CF1DA8E5CB001286DE /* CoreLocation.framework in Frameworks */,
				6804C5C7703B06B78A342C50 /* libPods-PenfreeMap.a in Frameworks */,
				211583CB1DA8E0F3001286DE /* BaiduMapAPI_Radar.framework in Frameworks */,
				211583C71DA8E0F3001286DE /* BaiduMapAPI_Base.framework in Frameworks */,
				211583C81DA8E0F3001286DE /* BaiduMapAPI_Cloud.framework in Frameworks */,
				211583CD1DA8E0F3001286DE /* BaiduMapAPI_Utils.framework in Frameworks */,
				211583CA1DA8E0F3001286DE /* BaiduMapAPI_Map.framework in Frameworks */,
				211583C91DA8E0F3001286DE /* BaiduMapAPI_Location.framework in Frameworks */,
				211583CC1DA8E0F3001286DE /* BaiduMapAPI_Search.framework in Frameworks */,
			);
			runOnlyForDeploymentPostprocessing = 0;
		};
		21B980761DA4F41B001A30DD /* Frameworks */ = {
			isa = PBXFrameworksBuildPhase;
			buildActionMask = 2147483647;
			files = (
				A8BCE4AAD971DEC18035AB7E /* libPods-PenfreeMapTests.a in Frameworks */,
			);
			runOnlyForDeploymentPostprocessing = 0;
		};
		21B980811DA4F41B001A30DD /* Frameworks */ = {
			isa = PBXFrameworksBuildPhase;
			buildActionMask = 2147483647;
			files = (
				0CF55683F2BDD15E0ED25B35 /* libPods-PenfreeMapUITests.a in Frameworks */,
			);
			runOnlyForDeploymentPostprocessing = 0;
		};
/* End PBXFrameworksBuildPhase section */

/* Begin PBXGroup section */
		20475E239ECC992A4B3E744E /* Pods */ = {
			isa = PBXGroup;
			children = (
				88E9F4BA51836415A93F05CA /* Pods-PenfreeMap.debug.xcconfig */,
				CE73BA214398B8E9A981BFF6 /* Pods-PenfreeMap.release.xcconfig */,
				E30946C448AE8C934BF27D6E /* Pods-PenfreeMapTests.debug.xcconfig */,
				517962BEDBC6BF77D0A930AF /* Pods-PenfreeMapTests.release.xcconfig */,
				02F7FAB4E3C401893FB6B396 /* Pods-PenfreeMapUITests.debug.xcconfig */,
				3E777A45FD7C0117D10C6FAF /* Pods-PenfreeMapUITests.release.xcconfig */,
			);
			name = Pods;
			sourceTree = "<group>";
		};
		211583AB1DA8DE61001286DE /* BaiduMap */ = {
			isa = PBXGroup;
			children = (
				211583E01DA8E698001286DE /* mapapi.bundle */,
				211583C01DA8E0F2001286DE /* BaiduMapAPI_Base.framework */,
				211583C11DA8E0F2001286DE /* BaiduMapAPI_Cloud.framework */,
				211583C21DA8E0F2001286DE /* BaiduMapAPI_Location.framework */,
				211583C31DA8E0F2001286DE /* BaiduMapAPI_Map.framework */,
				211583C41DA8E0F2001286DE /* BaiduMapAPI_Radar.framework */,
				211583C51DA8E0F3001286DE /* BaiduMapAPI_Search.framework */,
				211583C61DA8E0F3001286DE /* BaiduMapAPI_Utils.framework */,
			);
			path = BaiduMap;
			sourceTree = "<group>";
		};
		21B980571DA4F41B001A30DD = {
			isa = PBXGroup;
			children = (
				21B980621DA4F41B001A30DD /* PenfreeMap */,
				21B9807C1DA4F41B001A30DD /* PenfreeMapTests */,
				21B980871DA4F41B001A30DD /* PenfreeMapUITests */,
				21B980611DA4F41B001A30DD /* Products */,
				20475E239ECC992A4B3E744E /* Pods */,
				5910BFAC48A813BB3AB2FE33 /* Frameworks */,
			);
			sourceTree = "<group>";
		};
		21B980611DA4F41B001A30DD /* Products */ = {
			isa = PBXGroup;
			children = (
				21B980601DA4F41B001A30DD /* PenfreeMap.app */,
				21B980791DA4F41B001A30DD /* PenfreeMapTests.xctest */,
				21B980841DA4F41B001A30DD /* PenfreeMapUITests.xctest */,
			);
			name = Products;
			sourceTree = "<group>";
		};
		21B980621DA4F41B001A30DD /* PenfreeMap */ = {
			isa = PBXGroup;
			children = (
				211583AB1DA8DE61001286DE /* BaiduMap */,
				21B980661DA4F41B001A30DD /* AppDelegate.h */,
				21B980671DA4F41B001A30DD /* AppDelegate.m */,
				21B980691DA4F41B001A30DD /* ViewController.h */,
				21B9806A1DA4F41B001A30DD /* ViewController.m */,
				211583A81DA8D9D2001286DE /* BaiduMapViewController.h */,
				211583A91DA8D9D2001286DE /* BaiduMapViewController.m */,
				211583B01DA8DFD9001286DE /* ForBaiduMap.mm */,
				21B9806C1DA4F41B001A30DD /* Main.storyboard */,
				21B9806F1DA4F41B001A30DD /* Assets.xcassets */,
				21B980711DA4F41B001A30DD /* LaunchScreen.storyboard */,
				21B980741DA4F41B001A30DD /* Info.plist */,
				21B980631DA4F41B001A30DD /* Supporting Files */,
			);
			path = PenfreeMap;
			sourceTree = "<group>";
		};
		21B980631DA4F41B001A30DD /* Supporting Files */ = {
			isa = PBXGroup;
			children = (
				21B980641DA4F41B001A30DD /* main.m */,
			);
			name = "Supporting Files";
			sourceTree = "<group>";
		};
		21B9807C1DA4F41B001A30DD /* PenfreeMapTests */ = {
			isa = PBXGroup;
			children = (
				21B9807D1DA4F41B001A30DD /* PenfreeMapTests.m */,
				21B9807F1DA4F41B001A30DD /* Info.plist */,
			);
			path = PenfreeMapTests;
			sourceTree = "<group>";
		};
		21B980871DA4F41B001A30DD /* PenfreeMapUITests */ = {
			isa = PBXGroup;
			children = (
				21B980881DA4F41B001A30DD /* PenfreeMapUITests.m */,
				21B9808A1DA4F41B001A30DD /* Info.plist */,
			);
			path = PenfreeMapUITests;
			sourceTree = "<group>";
		};
		5910BFAC48A813BB3AB2FE33 /* Frameworks */ = {
			isa = PBXGroup;
			children = (
				211583DE1DA8E640001286DE /* libstdc++.6.0.9.tbd */,
				211583DC1DA8E632001286DE /* CoreTelephony.framework */,
				211583DA1DA8E622001286DE /* libsqlite3.0.tbd */,
				211583D81DA8E616001286DE /* Security.framework */,
				211583D61DA8E609001286DE /* CoreGraphics.framework */,
				211583D41DA8E5FC001286DE /* SystemConfiguration.framework */,
				211583D21DA8E5E8001286DE /* OpenGLES.framework */,
				211583D01DA8E5DC001286DE /* QuartzCore.framework */,
				211583CE1DA8E5CB001286DE /* CoreLocation.framework */,
				057FED88B594EA1676B58874 /* libPods-PenfreeMap.a */,
				C0D4DA866A5C100A83BD24B7 /* libPods-PenfreeMapTests.a */,
				F32F856F9E9F608B3796F96E /* libPods-PenfreeMapUITests.a */,
			);
			name = Frameworks;
			sourceTree = "<group>";
		};
/* End PBXGroup section */

/* Begin PBXNativeTarget section */
		21B9805F1DA4F41B001A30DD /* PenfreeMap */ = {
			isa = PBXNativeTarget;
			buildConfigurationList = 21B9808D1DA4F41B001A30DD /* Build configuration list for PBXNativeTarget "PenfreeMap" */;
			buildPhases = (
				427232E5D4F757220921B0C5 /* [CP] Check Pods Manifest.lock */,
				21B9805C1DA4F41B001A30DD /* Sources */,
				21B9805D1DA4F41B001A30DD /* Frameworks */,
				21B9805E1DA4F41B001A30DD /* Resources */,
				A14251FA4DD2EA02FD834F21 /* [CP] Embed Pods Frameworks */,
				A78A28234DA2D61AEAA4C010 /* [CP] Copy Pods Resources */,
			);
			buildRules = (
			);
			dependencies = (
			);
			name = PenfreeMap;
			productName = PenfreeMap;
			productReference = 21B980601DA4F41B001A30DD /* PenfreeMap.app */;
			productType = "com.apple.product-type.application";
		};
		21B980781DA4F41B001A30DD /* PenfreeMapTests */ = {
			isa = PBXNativeTarget;
			buildConfigurationList = 21B980901DA4F41B001A30DD /* Build configuration list for PBXNativeTarget "PenfreeMapTests" */;
			buildPhases = (
				509F7EC84C5CCFEEA891B749 /* [CP] Check Pods Manifest.lock */,
				21B980751DA4F41B001A30DD /* Sources */,
				21B980761DA4F41B001A30DD /* Frameworks */,
				21B980771DA4F41B001A30DD /* Resources */,
				CF41346206A066329B732522 /* [CP] Embed Pods Frameworks */,
				BB169F85BE4F45C420AA2B80 /* [CP] Copy Pods Resources */,
			);
			buildRules = (
			);
			dependencies = (
				21B9807B1DA4F41B001A30DD /* PBXTargetDependency */,
			);
			name = PenfreeMapTests;
			productName = PenfreeMapTests;
			productReference = 21B980791DA4F41B001A30DD /* PenfreeMapTests.xctest */;
			productType = "com.apple.product-type.bundle.unit-test";
		};
		21B980831DA4F41B001A30DD /* PenfreeMapUITests */ = {
			isa = PBXNativeTarget;
			buildConfigurationList = 21B980931DA4F41B001A30DD /* Build configuration list for PBXNativeTarget "PenfreeMapUITests" */;
			buildPhases = (
				14D8D62BA38B9EF09B5B61D0 /* [CP] Check Pods Manifest.lock */,
				21B980801DA4F41B001A30DD /* Sources */,
				21B980811DA4F41B001A30DD /* Frameworks */,
				21B980821DA4F41B001A30DD /* Resources */,
				D68E28407B7CFB8BA26187FE /* [CP] Copy Pods Resources */,
			);
			buildRules = (
			);
			dependencies = (
				21B980861DA4F41B001A30DD /* PBXTargetDependency */,
			);
			name = PenfreeMapUITests;
			productName = PenfreeMapUITests;
			productReference = 21B980841DA4F41B001A30DD /* PenfreeMapUITests.xctest */;
			productType = "com.apple.product-type.bundle.ui-testing";
		};
/* End PBXNativeTarget section */

/* Begin PBXProject section */
		21B980581DA4F41B001A30DD /* Project object */ = {
			isa = PBXProject;
			attributes = {
				LastUpgradeCheck = 0730;
				ORGANIZATIONNAME = Penfree.Tseng;
				TargetAttributes = {
					21B9805F1DA4F41B001A30DD = {
						CreatedOnToolsVersion = 7.3.1;
						SystemCapabilities = {
							com.apple.BackgroundModes = {
								enabled = 1;
							};
						};
					};
					21B980781DA4F41B001A30DD = {
						CreatedOnToolsVersion = 7.3.1;
						TestTargetID = 21B9805F1DA4F41B001A30DD;
					};
					21B980831DA4F41B001A30DD = {
						CreatedOnToolsVersion = 7.3.1;
						TestTargetID = 21B9805F1DA4F41B001A30DD;
					};
				};
			};
			buildConfigurationList = 21B9805B1DA4F41B001A30DD /* Build configuration list for PBXProject "PenfreeMap" */;
			compatibilityVersion = "Xcode 3.2";
			developmentRegion = English;
			hasScannedForEncodings = 0;
			knownRegions = (
				en,
				Base,
			);
			mainGroup = 21B980571DA4F41B001A30DD;
			productRefGroup = 21B980611DA4F41B001A30DD /* Products */;
			projectDirPath = "";
			projectRoot = "";
			targets = (
				21B9805F1DA4F41B001A30DD /* PenfreeMap */,
				21B980781DA4F41B001A30DD /* PenfreeMapTests */,
				21B980831DA4F41B001A30DD /* PenfreeMapUITests */,
			);
		};
/* End PBXProject section */

/* Begin PBXResourcesBuildPhase section */
		21B9805E1DA4F41B001A30DD /* Resources */ = {
			isa = PBXResourcesBuildPhase;
			buildActionMask = 2147483647;
			files = (
				21B980731DA4F41B001A30DD /* LaunchScreen.storyboard in Resources */,
				211583E11DA8E698001286DE /* mapapi.bundle in Resources */,
				21B980701DA4F41B001A30DD /* Assets.xcassets in Resources */,
				21B9806E1DA4F41B001A30DD /* Main.storyboard in Resources */,
			);
			runOnlyForDeploymentPostprocessing = 0;
		};
		21B980771DA4F41B001A30DD /* Resources */ = {
			isa = PBXResourcesBuildPhase;
			buildActionMask = 2147483647;
			files = (
			);
			runOnlyForDeploymentPostprocessing = 0;
		};
		21B980821DA4F41B001A30DD /* Resources */ = {
			isa = PBXResourcesBuildPhase;
			buildActionMask = 2147483647;
			files = (
			);
			runOnlyForDeploymentPostprocessing = 0;
		};
/* End PBXResourcesBuildPhase section */

/* Begin PBXShellScriptBuildPhase section */
		14D8D62BA38B9EF09B5B61D0 /* [CP] Check Pods Manifest.lock */ = {
			isa = PBXShellScriptBuildPhase;
			buildActionMask = 2147483647;
			files = (
			);
			inputPaths = (
			);
			name = "[CP] Check Pods Manifest.lock";
			outputPaths = (
			);
			runOnlyForDeploymentPostprocessing = 0;
			shellPath = /bin/sh;
			shellScript = "diff \"${PODS_ROOT}/../Podfile.lock\" \"${PODS_ROOT}/Manifest.lock\" > /dev/null\nif [[ $? != 0 ]] ; then\n    cat << EOM\nerror: The sandbox is not in sync with the Podfile.lock. Run 'pod install' or update your CocoaPods installation.\nEOM\n    exit 1\nfi\n";
			showEnvVarsInLog = 0;
		};
		427232E5D4F757220921B0C5 /* [CP] Check Pods Manifest.lock */ = {
			isa = PBXShellScriptBuildPhase;
			buildActionMask = 2147483647;
			files = (
			);
			inputPaths = (
			);
			name = "[CP] Check Pods Manifest.lock";
			outputPaths = (
			);
			runOnlyForDeploymentPostprocessing = 0;
			shellPath = /bin/sh;
			shellScript = "diff \"${PODS_ROOT}/../Podfile.lock\" \"${PODS_ROOT}/Manifest.lock\" > /dev/null\nif [[ $? != 0 ]] ; then\n    cat << EOM\nerror: The sandbox is not in sync with the Podfile.lock. Run 'pod install' or update your CocoaPods installation.\nEOM\n    exit 1\nfi\n";
			showEnvVarsInLog = 0;
		};
		509F7EC84C5CCFEEA891B749 /* [CP] Check Pods Manifest.lock */ = {
			isa = PBXShellScriptBuildPhase;
			buildActionMask = 2147483647;
			files = (
			);
			inputPaths = (
			);
			name = "[CP] Check Pods Manifest.lock";
			outputPaths = (
			);
			runOnlyForDeploymentPostprocessing = 0;
			shellPath = /bin/sh;
			shellScript = "diff \"${PODS_ROOT}/../Podfile.lock\" \"${PODS_ROOT}/Manifest.lock\" > /dev/null\nif [[ $? != 0 ]] ; then\n    cat << EOM\nerror: The sandbox is not in sync with the Podfile.lock. Run 'pod install' or update your CocoaPods installation.\nEOM\n    exit 1\nfi\n";
			showEnvVarsInLog = 0;
		};
		A14251FA4DD2EA02FD834F21 /* [CP] Embed Pods Frameworks */ = {
			isa = PBXShellScriptBuildPhase;
			buildActionMask = 2147483647;
			files = (
			);
			inputPaths = (
			);
			name = "[CP] Embed Pods Frameworks";
			outputPaths = (
			);
			runOnlyForDeploymentPostprocessing = 0;
			shellPath = /bin/sh;
			shellScript = "\"${SRCROOT}/Pods/Target Support Files/Pods-PenfreeMap/Pods-PenfreeMap-frameworks.sh\"\n";
			showEnvVarsInLog = 0;
		};
		A78A28234DA2D61AEAA4C010 /* [CP] Copy Pods Resources */ = {
			isa = PBXShellScriptBuildPhase;
			buildActionMask = 2147483647;
			files = (
			);
			inputPaths = (
			);
			name = "[CP] Copy Pods Resources";
			outputPaths = (
			);
			runOnlyForDeploymentPostprocessing = 0;
			shellPath = /bin/sh;
			shellScript = "\"${SRCROOT}/Pods/Target Support Files/Pods-PenfreeMap/Pods-PenfreeMap-resources.sh\"\n";
			showEnvVarsInLog = 0;
		};
		BB169F85BE4F45C420AA2B80 /* [CP] Copy Pods Resources */ = {
			isa = PBXShellScriptBuildPhase;
			buildActionMask = 2147483647;
			files = (
			);
			inputPaths = (
			);
			name = "[CP] Copy Pods Resources";
			outputPaths = (
			);
			runOnlyForDeploymentPostprocessing = 0;
			shellPath = /bin/sh;
			shellScript = "\"${SRCROOT}/Pods/Target Support Files/Pods-PenfreeMapTests/Pods-PenfreeMapTests-resources.sh\"\n";
			showEnvVarsInLog = 0;
		};
		CF41346206A066329B732522 /* [CP] Embed Pods Frameworks */ = {
			isa = PBXShellScriptBuildPhase;
			buildActionMask = 2147483647;
			files = (
			);
			inputPaths = (
			);
			name = "[CP] Embed Pods Frameworks";
			outputPaths = (
			);
			runOnlyForDeploymentPostprocessing = 0;
			shellPath = /bin/sh;
			shellScript = "\"${SRCROOT}/Pods/Target Support Files/Pods-PenfreeMapTests/Pods-PenfreeMapTests-frameworks.sh\"\n";
			showEnvVarsInLog = 0;
		};
		D68E28407B7CFB8BA26187FE /* [CP] Copy Pods Resources */ = {
			isa = PBXShellScriptBuildPhase;
			buildActionMask = 2147483647;
			files = (
			);
			inputPaths = (
			);
			name = "[CP] Copy Pods Resources";
			outputPaths = (
			);
			runOnlyForDeploymentPostprocessing = 0;
			shellPath = /bin/sh;
			shellScript = "\"${SRCROOT}/Pods/Target Support Files/Pods-PenfreeMapUITests/Pods-PenfreeMapUITests-resources.sh\"\n";
			showEnvVarsInLog = 0;
		};
/* End PBXShellScriptBuildPhase section */

/* Begin PBXSourcesBuildPhase section */
		21B9805C1DA4F41B001A30DD /* Sources */ = {
			isa = PBXSourcesBuildPhase;
			buildActionMask = 2147483647;
			files = (
				21B9806B1DA4F41B001A30DD /* ViewController.m in Sources */,
				211583B11DA8DFD9001286DE /* ForBaiduMap.mm in Sources */,
				211583AA1DA8D9D2001286DE /* BaiduMapViewController.m in Sources */,
				21B980681DA4F41B001A30DD /* AppDelegate.m in Sources */,
				21B980651DA4F41B001A30DD /* main.m in Sources */,
			);
			runOnlyForDeploymentPostprocessing = 0;
		};
		21B980751DA4F41B001A30DD /* Sources */ = {
			isa = PBXSourcesBuildPhase;
			buildActionMask = 2147483647;
			files = (
				21B9807E1DA4F41B001A30DD /* PenfreeMapTests.m in Sources */,
			);
			runOnlyForDeploymentPostprocessing = 0;
		};
		21B980801DA4F41B001A30DD /* Sources */ = {
			isa = PBXSourcesBuildPhase;
			buildActionMask = 2147483647;
			files = (
				21B980891DA4F41B001A30DD /* PenfreeMapUITests.m in Sources */,
			);
			runOnlyForDeploymentPostprocessing = 0;
		};
/* End PBXSourcesBuildPhase section */

/* Begin PBXTargetDependency section */
		21B9807B1DA4F41B001A30DD /* PBXTargetDependency */ = {
			isa = PBXTargetDependency;
			target = 21B9805F1DA4F41B001A30DD /* PenfreeMap */;
			targetProxy = 21B9807A1DA4F41B001A30DD /* PBXContainerItemProxy */;
		};
		21B980861DA4F41B001A30DD /* PBXTargetDependency */ = {
			isa = PBXTargetDependency;
			target = 21B9805F1DA4F41B001A30DD /* PenfreeMap */;
			targetProxy = 21B980851DA4F41B001A30DD /* PBXContainerItemProxy */;
		};
/* End PBXTargetDependency section */

/* Begin PBXVariantGroup section */
		21B9806C1DA4F41B001A30DD /* Main.storyboard */ = {
			isa = PBXVariantGroup;
			children = (
				21B9806D1DA4F41B001A30DD /* Base */,
			);
			name = Main.storyboard;
			sourceTree = "<group>";
		};
		21B980711DA4F41B001A30DD /* LaunchScreen.storyboard */ = {
			isa = PBXVariantGroup;
			children = (
				21B980721DA4F41B001A30DD /* Base */,
			);
			name = LaunchScreen.storyboard;
			sourceTree = "<group>";
		};
/* End PBXVariantGroup section */

/* Begin XCBuildConfiguration section */
		21B9808B1DA4F41B001A30DD /* Debug */ = {
			isa = XCBuildConfiguration;
			buildSettings = {
				ALWAYS_SEARCH_USER_PATHS = NO;
				CLANG_ANALYZER_NONNULL = YES;
				CLANG_CXX_LANGUAGE_STANDARD = "gnu++0x";
				CLANG_CXX_LIBRARY = "libc++";
				CLANG_ENABLE_MODULES = YES;
				CLANG_ENABLE_OBJC_ARC = YES;
				CLANG_WARN_BOOL_CONVERSION = YES;
				CLANG_WARN_CONSTANT_CONVERSION = YES;
				CLANG_WARN_DIRECT_OBJC_ISA_USAGE = YES_ERROR;
				CLANG_WARN_EMPTY_BODY = YES;
				CLANG_WARN_ENUM_CONVERSION = YES;
				CLANG_WARN_INT_CONVERSION = YES;
				CLANG_WARN_OBJC_ROOT_CLASS = YES_ERROR;
				CLANG_WARN_UNREACHABLE_CODE = YES;
				CLANG_WARN__DUPLICATE_METHOD_MATCH = YES;
				"CODE_SIGN_IDENTITY[sdk=iphoneos*]" = "iPhone Developer";
				COPY_PHASE_STRIP = NO;
				DEBUG_INFORMATION_FORMAT = dwarf;
				ENABLE_STRICT_OBJC_MSGSEND = YES;
				ENABLE_TESTABILITY = YES;
				GCC_C_LANGUAGE_STANDARD = gnu99;
				GCC_DYNAMIC_NO_PIC = NO;
				GCC_NO_COMMON_BLOCKS = YES;
				GCC_OPTIMIZATION_LEVEL = 0;
				GCC_PREPROCESSOR_DEFINITIONS = (
					"DEBUG=1",
					"$(inherited)",
				);
				GCC_WARN_64_TO_32_BIT_CONVERSION = YES;
				GCC_WARN_ABOUT_RETURN_TYPE = YES_ERROR;
				GCC_WARN_UNDECLARED_SELECTOR = YES;
				GCC_WARN_UNINITIALIZED_AUTOS = YES_AGGRESSIVE;
				GCC_WARN_UNUSED_FUNCTION = YES;
				GCC_WARN_UNUSED_VARIABLE = YES;
				IPHONEOS_DEPLOYMENT_TARGET = 9.3;
				MTL_ENABLE_DEBUG_INFO = YES;
				ONLY_ACTIVE_ARCH = YES;
				SDKROOT = iphoneos;
			};
			name = Debug;
		};
		21B9808C1DA4F41B001A30DD /* Release */ = {
			isa = XCBuildConfiguration;
			buildSettings = {
				ALWAYS_SEARCH_USER_PATHS = NO;
				CLANG_ANALYZER_NONNULL = YES;
				CLANG_CXX_LANGUAGE_STANDARD = "gnu++0x";
				CLANG_CXX_LIBRARY = "libc++";
				CLANG_ENABLE_MODULES = YES;
				CLANG_ENABLE_OBJC_ARC = YES;
				CLANG_WARN_BOOL_CONVERSION = YES;
				CLANG_WARN_CONSTANT_CONVERSION = YES;
				CLANG_WARN_DIRECT_OBJC_ISA_USAGE = YES_ERROR;
				CLANG_WARN_EMPTY_BODY = YES;
				CLANG_WARN_ENUM_CONVERSION = YES;
				CLANG_WARN_INT_CONVERSION = YES;
				CLANG_WARN_OBJC_ROOT_CLASS = YES_ERROR;
				CLANG_WARN_UNREACHABLE_CODE = YES;
				CLANG_WARN__DUPLICATE_METHOD_MATCH = YES;
				"CODE_SIGN_IDENTITY[sdk=iphoneos*]" = "iPhone Developer";
				COPY_PHASE_STRIP = NO;
				DEBUG_INFORMATION_FORMAT = "dwarf-with-dsym";
				ENABLE_NS_ASSERTIONS = NO;
				ENABLE_STRICT_OBJC_MSGSEND = YES;
				GCC_C_LANGUAGE_STANDARD = gnu99;
				GCC_NO_COMMON_BLOCKS = YES;
				GCC_WARN_64_TO_32_BIT_CONVERSION = YES;
				GCC_WARN_ABOUT_RETURN_TYPE = YES_ERROR;
				GCC_WARN_UNDECLARED_SELECTOR = YES;
				GCC_WARN_UNINITIALIZED_AUTOS = YES_AGGRESSIVE;
				GCC_WARN_UNUSED_FUNCTION = YES;
				GCC_WARN_UNUSED_VARIABLE = YES;
				IPHONEOS_DEPLOYMENT_TARGET = 9.3;
				MTL_ENABLE_DEBUG_INFO = NO;
				SDKROOT = iphoneos;
				VALIDATE_PRODUCT = YES;
			};
			name = Release;
		};
		21B9808E1DA4F41B001A30DD /* Debug */ = {
			isa = XCBuildConfiguration;
			baseConfigurationReference = 88E9F4BA51836415A93F05CA /* Pods-PenfreeMap.debug.xcconfig */;
			buildSettings = {
				ASSETCATALOG_COMPILER_APPICON_NAME = AppIcon;
				CODE_SIGN_IDENTITY = "iPhone Developer";
				"CODE_SIGN_IDENTITY[sdk=iphoneos*]" = "iPhone Developer";
				FRAMEWORK_SEARCH_PATHS = (
					"$(inherited)",
					"$(PROJECT_DIR)/PenfreeMap",
					"$(PROJECT_DIR)/PenfreeMap/BaiduMap",
				);
				INFOPLIST_FILE = PenfreeMap/Info.plist;
				LD_RUNPATH_SEARCH_PATHS = "$(inherited) @executable_path/Frameworks";
				PRODUCT_BUNDLE_IDENTIFIER = com.penfree.PenfreeMap;
				PRODUCT_NAME = "$(TARGET_NAME)";
				PROVISIONING_PROFILE = "";
			};
			name = Debug;
		};
		21B9808F1DA4F41B001A30DD /* Release */ = {
			isa = XCBuildConfiguration;
			baseConfigurationReference = CE73BA214398B8E9A981BFF6 /* Pods-PenfreeMap.release.xcconfig */;
			buildSettings = {
				ASSETCATALOG_COMPILER_APPICON_NAME = AppIcon;
				CODE_SIGN_IDENTITY = "iPhone Developer";
				"CODE_SIGN_IDENTITY[sdk=iphoneos*]" = "iPhone Developer";
				FRAMEWORK_SEARCH_PATHS = (
					"$(inherited)",
					"$(PROJECT_DIR)/PenfreeMap",
					"$(PROJECT_DIR)/PenfreeMap/BaiduMap",
				);
				INFOPLIST_FILE = PenfreeMap/Info.plist;
				LD_RUNPATH_SEARCH_PATHS = "$(inherited) @executable_path/Frameworks";
				PRODUCT_BUNDLE_IDENTIFIER = com.penfree.PenfreeMap;
				PRODUCT_NAME = "$(TARGET_NAME)";
				PROVISIONING_PROFILE = "";
			};
			name = Release;
		};
		21B980911DA4F41B001A30DD /* Debug */ = {
			isa = XCBuildConfiguration;
			baseConfigurationReference = E30946C448AE8C934BF27D6E /* Pods-PenfreeMapTests.debug.xcconfig */;
			buildSettings = {
				BUNDLE_LOADER = "$(TEST_HOST)";
				INFOPLIST_FILE = PenfreeMapTests/Info.plist;
				LD_RUNPATH_SEARCH_PATHS = "$(inherited) @executable_path/Frameworks @loader_path/Frameworks";
				PRODUCT_BUNDLE_IDENTIFIER = com.penfree.PenfreeMapTests;
				PRODUCT_NAME = "$(TARGET_NAME)";
				TEST_HOST = "$(BUILT_PRODUCTS_DIR)/PenfreeMap.app/PenfreeMap";
			};
			name = Debug;
		};
		21B980921DA4F41B001A30DD /* Release */ = {
			isa = XCBuildConfiguration;
			baseConfigurationReference = 517962BEDBC6BF77D0A930AF /* Pods-PenfreeMapTests.release.xcconfig */;
			buildSettings = {
				BUNDLE_LOADER = "$(TEST_HOST)";
				INFOPLIST_FILE = PenfreeMapTests/Info.plist;
				LD_RUNPATH_SEARCH_PATHS = "$(inherited) @executable_path/Frameworks @loader_path/Frameworks";
				PRODUCT_BUNDLE_IDENTIFIER = com.penfree.PenfreeMapTests;
				PRODUCT_NAME = "$(TARGET_NAME)";
				TEST_HOST = "$(BUILT_PRODUCTS_DIR)/PenfreeMap.app/PenfreeMap";
			};
			name = Release;
		};
		21B980941DA4F41B001A30DD /* Debug */ = {
			isa = XCBuildConfiguration;
			baseConfigurationReference = 02F7FAB4E3C401893FB6B396 /* Pods-PenfreeMapUITests.debug.xcconfig */;
			buildSettings = {
				INFOPLIST_FILE = PenfreeMapUITests/Info.plist;
				LD_RUNPATH_SEARCH_PATHS = "$(inherited) @executable_path/Frameworks @loader_path/Frameworks";
				PRODUCT_BUNDLE_IDENTIFIER = com.penfree.PenfreeMapUITests;
				PRODUCT_NAME = "$(TARGET_NAME)";
				TEST_TARGET_NAME = PenfreeMap;
			};
			name = Debug;
		};
		21B980951DA4F41B001A30DD /* Release */ = {
			isa = XCBuildConfiguration;
			baseConfigurationReference = 3E777A45FD7C0117D10C6FAF /* Pods-PenfreeMapUITests.release.xcconfig */;
			buildSettings = {
				INFOPLIST_FILE = PenfreeMapUITests/Info.plist;
				LD_RUNPATH_SEARCH_PATHS = "$(inherited) @executable_path/Frameworks @loader_path/Frameworks";
				PRODUCT_BUNDLE_IDENTIFIER = com.penfree.PenfreeMapUITests;
				PRODUCT_NAME = "$(TARGET_NAME)";
				TEST_TARGET_NAME = PenfreeMap;
			};
			name = Release;
		};
/* End XCBuildConfiguration section */

/* Begin XCConfigurationList section */
		21B9805B1DA4F41B001A30DD /* Build configuration list for PBXProject "PenfreeMap" */ = {
			isa = XCConfigurationList;
			buildConfigurations = (
				21B9808B1DA4F41B001A30DD /* Debug */,
				21B9808C1DA4F41B001A30DD /* Release */,
			);
			defaultConfigurationIsVisible = 0;
			defaultConfigurationName = Release;
		};
		21B9808D1DA4F41B001A30DD /* Build configuration list for PBXNativeTarget "PenfreeMap" */ = {
			isa = XCConfigurationList;
			buildConfigurations = (
				21B9808E1DA4F41B001A30DD /* Debug */,
				21B9808F1DA4F41B001A30DD /* Release */,
			);
			defaultConfigurationIsVisible = 0;
			defaultConfigurationName = Release;
		};
		21B980901DA4F41B001A30DD /* Build configuration list for PBXNativeTarget "PenfreeMapTests" */ = {
			isa = XCConfigurationList;
			buildConfigurations = (
				21B980911DA4F41B001A30DD /* Debug */,
				21B980921DA4F41B001A30DD /* Release */,
			);
			defaultConfigurationIsVisible = 0;
			defaultConfigurationName = Release;
		};
		21B980931DA4F41B001A30DD /* Build configuration list for PBXNativeTarget "PenfreeMapUITests" */ = {
			isa = XCConfigurationList;
			buildConfigurations = (
				21B980941DA4F41B001A30DD /* Debug */,
				21B980951DA4F41B001A30DD /* Release */,
			);
			defaultConfigurationIsVisible = 0;
			defaultConfigurationName = Release;
		};
/* End XCConfigurationList section */
	};
	rootObject = 21B980581DA4F41B001A30DD /* Project object */;
}
